
Microsoft Visual Studio Solution File, Format Version 12.00
# Visual Studio Version 16
VisualStudioVersion = 16.0.28803.156
MinimumVisualStudioVersion = 10.0.40219.1
Project("{9A19103F-16F7-4668-BE54-9A1E7A4F7556}") = "Jargon.Guard", "Jargon.Guard\Jargon.Guard.csproj", "{A9CD1350-273C-46FD-B8CC-F026D4B04554}"
EndProject
Project("{9A19103F-16F7-4668-BE54-9A1E7A4F7556}") = "Jargon.Guard.UnitTests", "Jargon.Guard.UnitTests\Jargon.Guard.UnitTests.csproj", "{B73812C5-7982-4221-BE91-1FEF2BCB993A}"
EndProject
Project("{2150E333-8FDC-42A3-9474-1A3956D46DE8}") = "Solution Items", "Solution Items", "{BE1713C7-BC55-4307-9E7A-31DDD894D866}"
	ProjectSection(SolutionItems) = preProject
		license.txt = license.txt
		readme.md = readme.md
	EndProjectSection
EndProject
Global
	GlobalSection(SolutionConfigurationPlatforms) = preSolution
		Debug|Any CPU = Debug|Any CPU
		Release|Any CPU = Release|Any CPU
	EndGlobalSection
	GlobalSection(ProjectConfigurationPlatforms) = postSolution
		{A9CD1350-273C-46FD-B8CC-F026D4B04554}.Debug|Any CPU.ActiveCfg = Debug|Any CPU
		{A9CD1350-273C-46FD-B8CC-F026D4B04554}.Debug|Any CPU.Build.0 = Debug|Any CPU
		{A9CD1350-273C-46FD-B8CC-F026D4B04554}.Release|Any CPU.ActiveCfg = Release|Any CPU
		{A9CD1350-273C-46FD-B8CC-F026D4B04554}.Release|Any CPU.Build.0 = Release|Any CPU
		{B73812C5-7982-4221-BE91-1FEF2BCB993A}.Debug|Any CPU.ActiveCfg = Debug|Any CPU
		{B73812C5-7982-4221-BE91-1FEF2BCB993A}.Debug|Any CPU.Build.0 = Debug|Any CPU
		{B73812C5-7982-4221-BE91-1FEF2BCB993A}.Release|Any CPU.ActiveCfg = Release|Any CPU
		{B73812C5-7982-4221-BE91-1FEF2BCB993A}.Release|Any CPU.Build.0 = Release|Any CPU
	EndGlobalSection
	GlobalSection(SolutionProperties) = preSolution
		HideSolutionNode = FALSE
	EndGlobalSection
	GlobalSection(ExtensibilityGlobals) = postSolution
		SolutionGuid = {B82B4B84-D1F8-4447-B98C-1C0D50107349}
	EndGlobalSection
EndGlobal
